
Microsoft Visual Studio Solution File, Format Version 12.00
# Visual Studio Version 17
VisualStudioVersion = 17.10.34928.147
MinimumVisualStudioVersion = 10.0.40219.1
Project("{FAE04EC0-301F-11D3-BF4B-00C04F79EFBC}") = "OpenTKExperiment", "OpenTKExperiment\OpenTKExperiment.csproj", "{B9373EED-EBA6-4429-9592-5C4B57DBC340}"
EndProject
Project("{2150E333-8FDC-42A3-9474-1A3956D46DE8}") = "Solution Items", "Solution Items", "{E4B87B55-B0E9-461A-9ADF-64C11060B9A3}"
EndProject
Global
	GlobalSection(SolutionConfigurationPlatforms) = preSolution
		Debug|Any CPU = Debug|Any CPU
		Release|Any CPU = Release|Any CPU
	EndGlobalSection
	GlobalSection(ProjectConfigurationPlatforms) = postSolution
		{B9373EED-EBA6-4429-9592-5C4B57DBC340}.Debug|Any CPU.ActiveCfg = Debug|Any CPU
		{B9373EED-EBA6-4429-9592-5C4B57DBC340}.Debug|Any CPU.Build.0 = Debug|Any CPU
		{B9373EED-EBA6-4429-9592-5C4B57DBC340}.Release|Any CPU.ActiveCfg = Release|Any CPU
		{B9373EED-EBA6-4429-9592-5C4B57DBC340}.Release|Any CPU.Build.0 = Release|Any CPU
	EndGlobalSection
	GlobalSection(SolutionProperties) = preSolution
		HideSolutionNode = FALSE
	EndGlobalSection
	GlobalSection(ExtensibilityGlobals) = postSolution
		SolutionGuid = {4FBD1930-7115-4AA0-A98B-D6368019B740}
	EndGlobalSection
EndGlobal
